
Microsoft Visual Studio Solution File, Format Version 12.00
# Visual Studio Version 16
VisualStudioVersion = 16.0.29215.179
MinimumVisualStudioVersion = 10.0.40219.1
Project("{FAE04EC0-301F-11D3-BF4B-00C04F79EFBC}") = "UnionTypes", "UnionTypes\UnionTypes.csproj", "{23778C74-969B-409D-9B3F-0AF526FFF2A9}"
EndProject
Project("{FAE04EC0-301F-11D3-BF4B-00C04F79EFBC}") = "UnionTypes.Tests", "UnionTypes.Tests\UnionTypes.Tests.csproj", "{8BA2E3FC-3236-48BE-824C-333A8B11C09D}"
EndProject
Global
	GlobalSection(SolutionConfigurationPlatforms) = preSolution
		Debug|Any CPU = Debug|Any CPU
		Release|Any CPU = Release|Any CPU
	EndGlobalSection
	GlobalSection(ProjectConfigurationPlatforms) = postSolution
		{23778C74-969B-409D-9B3F-0AF526FFF2A9}.Debug|Any CPU.ActiveCfg = Debug|Any CPU
		{23778C74-969B-409D-9B3F-0AF526FFF2A9}.Debug|Any CPU.Build.0 = Debug|Any CPU
		{23778C74-969B-409D-9B3F-0AF526FFF2A9}.Release|Any CPU.ActiveCfg = Release|Any CPU
		{23778C74-969B-409D-9B3F-0AF526FFF2A9}.Release|Any CPU.Build.0 = Release|Any CPU
		{8BA2E3FC-3236-48BE-824C-333A8B11C09D}.Debug|Any CPU.ActiveCfg = Debug|Any CPU
		{8BA2E3FC-3236-48BE-824C-333A8B11C09D}.Debug|Any CPU.Build.0 = Debug|Any CPU
		{8BA2E3FC-3236-48BE-824C-333A8B11C09D}.Release|Any CPU.ActiveCfg = Release|Any CPU
		{8BA2E3FC-3236-48BE-824C-333A8B11C09D}.Release|Any CPU.Build.0 = Release|Any CPU
	EndGlobalSection
	GlobalSection(SolutionProperties) = preSolution
		HideSolutionNode = FALSE
	EndGlobalSection
	GlobalSection(ExtensibilityGlobals) = postSolution
		SolutionGuid = {4E6510BB-010C-4420-9819-457976B5426E}
	EndGlobalSection
EndGlobal
